// !$*UTF8*$!
{
	archiveVersion = 1;
	classes = {
	};
	objectVersion = 46;
	objects = {

/* Begin PBXBuildFile section */
		D0B4041D1E73345A00878F38 /* AttractionMapper.cpp in Sources */ = {isa = PBXBuildFile; fileRef = D0B404161E73345A00878F38 /* AttractionMapper.cpp */; };
		D0B4041E1E73345A00878F38 /* MapLoader.cpp in Sources */ = {isa = PBXBuildFile; fileRef = D0B404181E73345A00878F38 /* MapLoader.cpp */; };
		D0B4041F1E73345A00878F38 /* Navigator.cpp in Sources */ = {isa = PBXBuildFile; fileRef = D0B404191E73345A00878F38 /* Navigator.cpp */; };
		D0B404201E73345A00878F38 /* SegmentMapper.cpp in Sources */ = {isa = PBXBuildFile; fileRef = D0B4041B1E73345A00878F38 /* SegmentMapper.cpp */; };
		D0E566571E70D1810043D856 /* main.cpp in Sources */ = {isa = PBXBuildFile; fileRef = D0E566561E70D1810043D856 /* main.cpp */; };
/* End PBXBuildFile section */

/* Begin PBXCopyFilesBuildPhase section */
		D0E566511E70D1810043D856 /* CopyFiles */ = {
			isa = PBXCopyFilesBuildPhase;
			buildActionMask = 2147483647;
			dstPath = /usr/share/man/man1/;
			dstSubfolderSpec = 0;
			files = (
			);
			runOnlyForDeploymentPostprocessing = 1;
		};
/* End PBXCopyFilesBuildPhase section */

/* Begin PBXFileReference section */
		D0B404161E73345A00878F38 /* AttractionMapper.cpp */ = {isa = PBXFileReference; fileEncoding = 4; lastKnownFileType = sourcecode.cpp.cpp; path = AttractionMapper.cpp; sourceTree = "<group>"; };
		D0B404171E73345A00878F38 /* mapdata.txt */ = {isa = PBXFileReference; fileEncoding = 4; lastKnownFileType = text; path = mapdata.txt; sourceTree = "<group>"; };
		D0B404181E73345A00878F38 /* MapLoader.cpp */ = {isa = PBXFileReference; fileEncoding = 4; lastKnownFileType = sourcecode.cpp.cpp; path = MapLoader.cpp; sourceTree = "<group>"; };
		D0B404191E73345A00878F38 /* Navigator.cpp */ = {isa = PBXFileReference; fileEncoding = 4; lastKnownFileType = sourcecode.cpp.cpp; path = Navigator.cpp; sourceTree = "<group>"; };
		D0B4041A1E73345A00878F38 /* provided.h */ = {isa = PBXFileReference; fileEncoding = 4; lastKnownFileType = sourcecode.c.h; path = provided.h; sourceTree = "<group>"; };
		D0B4041B1E73345A00878F38 /* SegmentMapper.cpp */ = {isa = PBXFileReference; fileEncoding = 4; lastKnownFileType = sourcecode.cpp.cpp; path = SegmentMapper.cpp; sourceTree = "<group>"; };
		D0B4041C1E73345A00878F38 /* validlocs.txt */ = {isa = PBXFileReference; fileEncoding = 4; lastKnownFileType = text; path = validlocs.txt; sourceTree = "<group>"; };
		D0E566531E70D1810043D856 /* BruinNav */ = {isa = PBXFileReference; explicitFileType = "compiled.mach-o.executable"; includeInIndex = 0; path = BruinNav; sourceTree = BUILT_PRODUCTS_DIR; };
		D0E566561E70D1810043D856 /* main.cpp */ = {isa = PBXFileReference; lastKnownFileType = sourcecode.cpp.cpp; path = main.cpp; sourceTree = "<group>"; };
		D0E5665D1E70D1A00043D856 /* MyMap.h */ = {isa = PBXFileReference; lastKnownFileType = sourcecode.c.h; path = MyMap.h; sourceTree = "<group>"; };
/* End PBXFileReference section */

/* Begin PBXFrameworksBuildPhase section */
		D0E566501E70D1810043D856 /* Frameworks */ = {
			isa = PBXFrameworksBuildPhase;
			buildActionMask = 2147483647;
			files = (
			);
			runOnlyForDeploymentPostprocessing = 0;
		};
/* End PBXFrameworksBuildPhase section */

/* Begin PBXGroup section */
		D0E5664A1E70D1800043D856 = {
			isa = PBXGroup;
			children = (
				D0E566551E70D1810043D856 /* BruinNav */,
				D0E566541E70D1810043D856 /* Products */,
			);
			sourceTree = "<group>";
		};
		D0E566541E70D1810043D856 /* Products */ = {
			isa = PBXGroup;
			children = (
				D0E566531E70D1810043D856 /* BruinNav */,
			);
			name = Products;
			sourceTree = "<group>";
		};
		D0E566551E70D1810043D856 /* BruinNav */ = {
			isa = PBXGroup;
			children = (
				D0E566561E70D1810043D856 /* main.cpp */,
				D0E5665D1E70D1A00043D856 /* MyMap.h */,
				D0B404161E73345A00878F38 /* AttractionMapper.cpp */,
				D0B404171E73345A00878F38 /* mapdata.txt */,
				D0B404181E73345A00878F38 /* MapLoader.cpp */,
				D0B404191E73345A00878F38 /* Navigator.cpp */,
				D0B4041A1E73345A00878F38 /* provided.h */,
				D0B4041B1E73345A00878F38 /* SegmentMapper.cpp */,
				D0B4041C1E73345A00878F38 /* validlocs.txt */,
			);
			path = BruinNav;
			sourceTree = "<group>";
		};
/* End PBXGroup section */

/* Begin PBXNativeTarget section */
		D0E566521E70D1810043D856 /* BruinNav */ = {
			isa = PBXNativeTarget;
			buildConfigurationList = D0E5665A1E70D1810043D856 /* Build configuration list for PBXNativeTarget "BruinNav" */;
			buildPhases = (
				D0E5664F1E70D1810043D856 /* Sources */,
				D0E566501E70D1810043D856 /* Frameworks */,
				D0E566511E70D1810043D856 /* CopyFiles */,
			);
			buildRules = (
			);
			dependencies = (
			);
			name = BruinNav;
			productName = BruinNav;
			productReference = D0E566531E70D1810043D856 /* BruinNav */;
			productType = "com.apple.product-type.tool";
		};
/* End PBXNativeTarget section */

/* Begin PBXProject section */
		D0E5664B1E70D1800043D856 /* Project object */ = {
			isa = PBXProject;
			attributes = {
				LastUpgradeCheck = 0820;
				ORGANIZATIONNAME = "Austin Guo";
				TargetAttributes = {
					D0E566521E70D1810043D856 = {
						CreatedOnToolsVersion = 8.2.1;
						ProvisioningStyle = Automatic;
					};
				};
			};
			buildConfigurationList = D0E5664E1E70D1800043D856 /* Build configuration list for PBXProject "BruinNav" */;
			compatibilityVersion = "Xcode 3.2";
			developmentRegion = English;
			hasScannedForEncodings = 0;
			knownRegions = (
				en,
			);
			mainGroup = D0E5664A1E70D1800043D856;
			productRefGroup = D0E566541E70D1810043D856 /* Products */;
			projectDirPath = "";
			projectRoot = "";
			targets = (
				D0E566521E70D1810043D856 /* BruinNav */,
			);
		};
/* End PBXProject section */

/* Begin PBXSourcesBuildPhase section */
		D0E5664F1E70D1810043D856 /* Sources */ = {
			isa = PBXSourcesBuildPhase;
			buildActionMask = 2147483647;
			files = (
				D0E566571E70D1810043D856 /* main.cpp in Sources */,
				D0B4041F1E73345A00878F38 /* Navigator.cpp in Sources */,
				D0B4041E1E73345A00878F38 /* MapLoader.cpp in Sources */,
				D0B404201E73345A00878F38 /* SegmentMapper.cpp in Sources */,
				D0B4041D1E73345A00878F38 /* AttractionMapper.cpp in Sources */,
			);
			runOnlyForDeploymentPostprocessing = 0;
		};
/* End PBXSourcesBuildPhase section */

/* Begin XCBuildConfiguration section */
		D0E566581E70D1810043D856 /* Debug */ = {
			isa = XCBuildConfiguration;
			buildSettings = {
				ALWAYS_SEARCH_USER_PATHS = NO;
				CLANG_ANALYZER_NONNULL = YES;
				CLANG_CXX_LANGUAGE_STANDARD = "gnu++0x";
				CLANG_CXX_LIBRARY = "libc++";
				CLANG_ENABLE_MODULES = YES;
				CLANG_ENABLE_OBJC_ARC = YES;
				CLANG_WARN_BOOL_CONVERSION = YES;
				CLANG_WARN_CONSTANT_CONVERSION = YES;
				CLANG_WARN_DIRECT_OBJC_ISA_USAGE = YES_ERROR;
				CLANG_WARN_DOCUMENTATION_COMMENTS = YES;
				CLANG_WARN_EMPTY_BODY = YES;
				CLANG_WARN_ENUM_CONVERSION = YES;
				CLANG_WARN_INFINITE_RECURSION = YES;
				CLANG_WARN_INT_CONVERSION = YES;
				CLANG_WARN_OBJC_ROOT_CLASS = YES_ERROR;
				CLANG_WARN_SUSPICIOUS_MOVE = YES;
				CLANG_WARN_UNREACHABLE_CODE = YES;
				CLANG_WARN__DUPLICATE_METHOD_MATCH = YES;
				CODE_SIGN_IDENTITY = "-";
				COPY_PHASE_STRIP = NO;
				DEBUG_INFORMATION_FORMAT = dwarf;
				ENABLE_STRICT_OBJC_MSGSEND = YES;
				ENABLE_TESTABILITY = YES;
				GCC_C_LANGUAGE_STANDARD = gnu99;
				GCC_DYNAMIC_NO_PIC = NO;
				GCC_NO_COMMON_BLOCKS = YES;
				GCC_OPTIMIZATION_LEVEL = 0;
				GCC_PREPROCESSOR_DEFINITIONS = (
					"DEBUG=1",
					"$(inherited)",
				);
				GCC_WARN_64_TO_32_BIT_CONVERSION = YES;
				GCC_WARN_ABOUT_RETURN_TYPE = YES_ERROR;
				GCC_WARN_UNDECLARED_SELECTOR = YES;
				GCC_WARN_UNINITIALIZED_AUTOS = YES_AGGRESSIVE;
				GCC_WARN_UNUSED_FUNCTION = YES;
				GCC_WARN_UNUSED_VARIABLE = YES;
				MACOSX_DEPLOYMENT_TARGET = 10.12;
				MTL_ENABLE_DEBUG_INFO = YES;
				ONLY_ACTIVE_ARCH = YES;
				SDKROOT = macosx;
			};
			name = Debug;
		};
		D0E566591E70D1810043D856 /* Release */ = {
			isa = XCBuildConfiguration;
			buildSettings = {
				ALWAYS_SEARCH_USER_PATHS = NO;
				CLANG_ANALYZER_NONNULL = YES;
				CLANG_CXX_LANGUAGE_STANDARD = "gnu++0x";
				CLANG_CXX_LIBRARY = "libc++";
				CLANG_ENABLE_MODULES = YES;
				CLANG_ENABLE_OBJC_ARC = YES;
				CLANG_WARN_BOOL_CONVERSION = YES;
				CLANG_WARN_CONSTANT_CONVERSION = YES;
				CLANG_WARN_DIRECT_OBJC_ISA_USAGE = YES_ERROR;
				CLANG_WARN_DOCUMENTATION_COMMENTS = YES;
				CLANG_WARN_EMPTY_BODY = YES;
				CLANG_WARN_ENUM_CONVERSION = YES;
				CLANG_WARN_INFINITE_RECURSION = YES;
				CLANG_WARN_INT_CONVERSION = YES;
				CLANG_WARN_OBJC_ROOT_CLASS = YES_ERROR;
				CLANG_WARN_SUSPICIOUS_MOVE = YES;
				CLANG_WARN_UNREACHABLE_CODE = YES;
				CLANG_WARN__DUPLICATE_METHOD_MATCH = YES;
				CODE_SIGN_IDENTITY = "-";
				COPY_PHASE_STRIP = NO;
				DEBUG_INFORMATION_FORMAT = "dwarf-with-dsym";
				ENABLE_NS_ASSERTIONS = NO;
				ENABLE_STRICT_OBJC_MSGSEND = YES;
				GCC_C_LANGUAGE_STANDARD = gnu99;
				GCC_NO_COMMON_BLOCKS = YES;
				GCC_WARN_64_TO_32_BIT_CONVERSION = YES;
				GCC_WARN_ABOUT_RETURN_TYPE = YES_ERROR;
				GCC_WARN_UNDECLARED_SELECTOR = YES;
				GCC_WARN_UNINITIALIZED_AUTOS = YES_AGGRESSIVE;
				GCC_WARN_UNUSED_FUNCTION = YES;
				GCC_WARN_UNUSED_VARIABLE = YES;
				MACOSX_DEPLOYMENT_TARGET = 10.12;
				MTL_ENABLE_DEBUG_INFO = NO;
				SDKROOT = macosx;
			};
			name = Release;
		};
		D0E5665B1E70D1810043D856 /* Debug */ = {
			isa = XCBuildConfiguration;
			buildSettings = {
				PRODUCT_NAME = "$(TARGET_NAME)";
			};
			name = Debug;
		};
		D0E5665C1E70D1810043D856 /* Release */ = {
			isa = XCBuildConfiguration;
			buildSettings = {
				PRODUCT_NAME = "$(TARGET_NAME)";
			};
			name = Release;
		};
/* End XCBuildConfiguration section */

/* Begin XCConfigurationList section */
		D0E5664E1E70D1800043D856 /* Build configuration list for PBXProject "BruinNav" */ = {
			isa = XCConfigurationList;
			buildConfigurations = (
				D0E566581E70D1810043D856 /* Debug */,
				D0E566591E70D1810043D856 /* Release */,
			);
			defaultConfigurationIsVisible = 0;
			defaultConfigurationName = Release;
		};
		D0E5665A1E70D1810043D856 /* Build configuration list for PBXNativeTarget "BruinNav" */ = {
			isa = XCConfigurationList;
			buildConfigurations = (
				D0E5665B1E70D1810043D856 /* Debug */,
				D0E5665C1E70D1810043D856 /* Release */,
			);
			defaultConfigurationIsVisible = 0;
			defaultConfigurationName = Release;
		};
/* End XCConfigurationList section */
	};
	rootObject = D0E5664B1E70D1800043D856 /* Project object */;
}
